// !$*UTF8*$!
{
	archiveVersion = 1;
	classes = {
	};
	objectVersion = 46;
	objects = {

/* Begin PBXBuildFile section */
		F816B82C1C5D6CD700339DB7 /* AppDelegate.swift in Sources */ = {isa = PBXBuildFile; fileRef = F816B82B1C5D6CD700339DB7 /* AppDelegate.swift */; };
		F816B82E1C5D6CD700339DB7 /* ViewController.swift in Sources */ = {isa = PBXBuildFile; fileRef = F816B82D1C5D6CD700339DB7 /* ViewController.swift */; };
		F816B8311C5D6CD700339DB7 /* Main.storyboard in Resources */ = {isa = PBXBuildFile; fileRef = F816B82F1C5D6CD700339DB7 /* Main.storyboard */; };
		F816B8341C5D6CD700339DB7 /* VirtualTourist.xcdatamodeld in Sources */ = {isa = PBXBuildFile; fileRef = F816B8321C5D6CD700339DB7 /* VirtualTourist.xcdatamodeld */; };
		F816B8361C5D6CD700339DB7 /* Assets.xcassets in Resources */ = {isa = PBXBuildFile; fileRef = F816B8351C5D6CD700339DB7 /* Assets.xcassets */; };
		F816B8391C5D6CD800339DB7 /* LaunchScreen.storyboard in Resources */ = {isa = PBXBuildFile; fileRef = F816B8371C5D6CD700339DB7 /* LaunchScreen.storyboard */; };
		F816B8441C5D6CD800339DB7 /* VirtualTouristTests.swift in Sources */ = {isa = PBXBuildFile; fileRef = F816B8431C5D6CD800339DB7 /* VirtualTouristTests.swift */; };
		F816B84F1C5D70D900339DB7 /* MapKit.framework in Frameworks */ = {isa = PBXBuildFile; fileRef = F816B84E1C5D70D900339DB7 /* MapKit.framework */; };
		F816B8581C5EF1E400339DB7 /* Pin.swift in Sources */ = {isa = PBXBuildFile; fileRef = F816B8571C5EF1E400339DB7 /* Pin.swift */; };
		F816B85A1C5EF1F100339DB7 /* Photo.swift in Sources */ = {isa = PBXBuildFile; fileRef = F816B8591C5EF1F100339DB7 /* Photo.swift */; };
		F816B85C1C5FEEA600339DB7 /* PhotoAlbumViewController.swift in Sources */ = {isa = PBXBuildFile; fileRef = F816B85B1C5FEEA600339DB7 /* PhotoAlbumViewController.swift */; };
		F816B85E1C5FF55700339DB7 /* PhotoAlbumViewCell.swift in Sources */ = {isa = PBXBuildFile; fileRef = F816B85D1C5FF55700339DB7 /* PhotoAlbumViewCell.swift */; };
		F89B792C1C602170004BD46A /* FlickrClient.swift in Sources */ = {isa = PBXBuildFile; fileRef = F89B792B1C602170004BD46A /* FlickrClient.swift */; };
		F89B792E1C60217F004BD46A /* WebServiceHelpers.swift in Sources */ = {isa = PBXBuildFile; fileRef = F89B792D1C60217F004BD46A /* WebServiceHelpers.swift */; };
		F89B79301C602803004BD46A /* ImageCache.swift in Sources */ = {isa = PBXBuildFile; fileRef = F89B792F1C602803004BD46A /* ImageCache.swift */; };
		F89B79321C604E80004BD46A /* CoreDataStackManager.swift in Sources */ = {isa = PBXBuildFile; fileRef = F89B79311C604E80004BD46A /* CoreDataStackManager.swift */; };
		F89B79351C605FBA004BD46A /* Model.xcdatamodeld in Sources */ = {isa = PBXBuildFile; fileRef = F89B79331C605FBA004BD46A /* Model.xcdatamodeld */; };
/* End PBXBuildFile section */

/* Begin PBXContainerItemProxy section */
		F816B8401C5D6CD800339DB7 /* PBXContainerItemProxy */ = {
			isa = PBXContainerItemProxy;
			containerPortal = F816B8201C5D6CD700339DB7 /* Project object */;
			proxyType = 1;
			remoteGlobalIDString = F816B8271C5D6CD700339DB7;
			remoteInfo = VirtualTourist;
		};
/* End PBXContainerItemProxy section */

/* Begin PBXFileReference section */
		F816B8281C5D6CD700339DB7 /* VirtualTourist.app */ = {isa = PBXFileReference; explicitFileType = wrapper.application; includeInIndex = 0; path = VirtualTourist.app; sourceTree = BUILT_PRODUCTS_DIR; };
		F816B82B1C5D6CD700339DB7 /* AppDelegate.swift */ = {isa = PBXFileReference; lastKnownFileType = sourcecode.swift; path = AppDelegate.swift; sourceTree = "<group>"; };
		F816B82D1C5D6CD700339DB7 /* ViewController.swift */ = {isa = PBXFileReference; lastKnownFileType = sourcecode.swift; path = ViewController.swift; sourceTree = "<group>"; };
		F816B8301C5D6CD700339DB7 /* Base */ = {isa = PBXFileReference; lastKnownFileType = file.storyboard; name = Base; path = Base.lproj/Main.storyboard; sourceTree = "<group>"; };
		F816B8331C5D6CD700339DB7 /* VirtualTourist.xcdatamodel */ = {isa = PBXFileReference; lastKnownFileType = wrapper.xcdatamodel; path = VirtualTourist.xcdatamodel; sourceTree = "<group>"; };
		F816B8351C5D6CD700339DB7 /* Assets.xcassets */ = {isa = PBXFileReference; lastKnownFileType = folder.assetcatalog; path = Assets.xcassets; sourceTree = "<group>"; };
		F816B8381C5D6CD800339DB7 /* Base */ = {isa = PBXFileReference; lastKnownFileType = file.storyboard; name = Base; path = Base.lproj/LaunchScreen.storyboard; sourceTree = "<group>"; };
		F816B83A1C5D6CD800339DB7 /* Info.plist */ = {isa = PBXFileReference; lastKnownFileType = text.plist.xml; path = Info.plist; sourceTree = "<group>"; };
		F816B83F1C5D6CD800339DB7 /* VirtualTouristTests.xctest */ = {isa = PBXFileReference; explicitFileType = wrapper.cfbundle; includeInIndex = 0; path = VirtualTouristTests.xctest; sourceTree = BUILT_PRODUCTS_DIR; };
		F816B8431C5D6CD800339DB7 /* VirtualTouristTests.swift */ = {isa = PBXFileReference; lastKnownFileType = sourcecode.swift; path = VirtualTouristTests.swift; sourceTree = "<group>"; };
		F816B8451C5D6CD800339DB7 /* Info.plist */ = {isa = PBXFileReference; lastKnownFileType = text.plist.xml; path = Info.plist; sourceTree = "<group>"; };
		F816B84E1C5D70D900339DB7 /* MapKit.framework */ = {isa = PBXFileReference; lastKnownFileType = wrapper.framework; name = MapKit.framework; path = System/Library/Frameworks/MapKit.framework; sourceTree = SDKROOT; };
		F816B8571C5EF1E400339DB7 /* Pin.swift */ = {isa = PBXFileReference; fileEncoding = 4; lastKnownFileType = sourcecode.swift; path = Pin.swift; sourceTree = "<group>"; };
		F816B8591C5EF1F100339DB7 /* Photo.swift */ = {isa = PBXFileReference; fileEncoding = 4; lastKnownFileType = sourcecode.swift; path = Photo.swift; sourceTree = "<group>"; };
		F816B85B1C5FEEA600339DB7 /* PhotoAlbumViewController.swift */ = {isa = PBXFileReference; fileEncoding = 4; lastKnownFileType = sourcecode.swift; path = PhotoAlbumViewController.swift; sourceTree = "<group>"; };
		F816B85D1C5FF55700339DB7 /* PhotoAlbumViewCell.swift */ = {isa = PBXFileReference; fileEncoding = 4; lastKnownFileType = sourcecode.swift; path = PhotoAlbumViewCell.swift; sourceTree = "<group>"; };
		F89B792B1C602170004BD46A /* FlickrClient.swift */ = {isa = PBXFileReference; fileEncoding = 4; lastKnownFileType = sourcecode.swift; path = FlickrClient.swift; sourceTree = "<group>"; };
		F89B792D1C60217F004BD46A /* WebServiceHelpers.swift */ = {isa = PBXFileReference; fileEncoding = 4; lastKnownFileType = sourcecode.swift; path = WebServiceHelpers.swift; sourceTree = "<group>"; };
		F89B792F1C602803004BD46A /* ImageCache.swift */ = {isa = PBXFileReference; fileEncoding = 4; lastKnownFileType = sourcecode.swift; path = ImageCache.swift; sourceTree = "<group>"; };
		F89B79311C604E80004BD46A /* CoreDataStackManager.swift */ = {isa = PBXFileReference; fileEncoding = 4; lastKnownFileType = sourcecode.swift; path = CoreDataStackManager.swift; sourceTree = "<group>"; };
		F89B79341C605FBA004BD46A /* Model.xcdatamodel */ = {isa = PBXFileReference; lastKnownFileType = wrapper.xcdatamodel; path = Model.xcdatamodel; sourceTree = "<group>"; };
/* End PBXFileReference section */

/* Begin PBXFrameworksBuildPhase section */
		F816B8251C5D6CD700339DB7 /* Frameworks */ = {
			isa = PBXFrameworksBuildPhase;
			buildActionMask = 2147483647;
			files = (
				F816B84F1C5D70D900339DB7 /* MapKit.framework in Frameworks */,
			);
			runOnlyForDeploymentPostprocessing = 0;
		};
		F816B83C1C5D6CD800339DB7 /* Frameworks */ = {
			isa = PBXFrameworksBuildPhase;
			buildActionMask = 2147483647;
			files = (
			);
			runOnlyForDeploymentPostprocessing = 0;
		};
/* End PBXFrameworksBuildPhase section */

/* Begin PBXGroup section */
		F816B81F1C5D6CD700339DB7 = {
			isa = PBXGroup;
			children = (
				F816B84E1C5D70D900339DB7 /* MapKit.framework */,
				F816B82A1C5D6CD700339DB7 /* VirtualTourist */,
				F816B8421C5D6CD800339DB7 /* VirtualTouristTests */,
				F816B8291C5D6CD700339DB7 /* Products */,
			);
			sourceTree = "<group>";
		};
		F816B8291C5D6CD700339DB7 /* Products */ = {
			isa = PBXGroup;
			children = (
				F816B8281C5D6CD700339DB7 /* VirtualTourist.app */,
				F816B83F1C5D6CD800339DB7 /* VirtualTouristTests.xctest */,
			);
			name = Products;
			sourceTree = "<group>";
		};
		F816B82A1C5D6CD700339DB7 /* VirtualTourist */ = {
			isa = PBXGroup;
			children = (
				F816B8541C5DE59A00339DB7 /* Utils */,
				F816B8511C5DE54C00339DB7 /* Model */,
				F816B82B1C5D6CD700339DB7 /* AppDelegate.swift */,
				F816B82D1C5D6CD700339DB7 /* ViewController.swift */,
				F816B85B1C5FEEA600339DB7 /* PhotoAlbumViewController.swift */,
				F816B85D1C5FF55700339DB7 /* PhotoAlbumViewCell.swift */,
				F816B82F1C5D6CD700339DB7 /* Main.storyboard */,
				F816B8351C5D6CD700339DB7 /* Assets.xcassets */,
				F816B8371C5D6CD700339DB7 /* LaunchScreen.storyboard */,
				F816B83A1C5D6CD800339DB7 /* Info.plist */,
				F816B8321C5D6CD700339DB7 /* VirtualTourist.xcdatamodeld */,
			);
			path = VirtualTourist;
			sourceTree = "<group>";
		};
		F816B8421C5D6CD800339DB7 /* VirtualTouristTests */ = {
			isa = PBXGroup;
			children = (
				F816B8431C5D6CD800339DB7 /* VirtualTouristTests.swift */,
				F816B8451C5D6CD800339DB7 /* Info.plist */,
			);
			path = VirtualTouristTests;
			sourceTree = "<group>";
		};
		F816B8501C5DE53000339DB7 /* Client */ = {
			isa = PBXGroup;
			children = (
				F89B792B1C602170004BD46A /* FlickrClient.swift */,
			);
			name = Client;
			sourceTree = "<group>";
		};
		F816B8511C5DE54C00339DB7 /* Model */ = {
			isa = PBXGroup;
			children = (
				F89B79311C604E80004BD46A /* CoreDataStackManager.swift */,
				F89B792D1C60217F004BD46A /* WebServiceHelpers.swift */,
				F816B8501C5DE53000339DB7 /* Client */,
				F816B8571C5EF1E400339DB7 /* Pin.swift */,
				F816B8591C5EF1F100339DB7 /* Photo.swift */,
				F89B79331C605FBA004BD46A /* Model.xcdatamodeld */,
			);
			name = Model;
			sourceTree = "<group>";
		};
		F816B8541C5DE59A00339DB7 /* Utils */ = {
			isa = PBXGroup;
			children = (
				F89B792F1C602803004BD46A /* ImageCache.swift */,
			);
			name = Utils;
			sourceTree = "<group>";
		};
/* End PBXGroup section */

/* Begin PBXNativeTarget section */
		F816B8271C5D6CD700339DB7 /* VirtualTourist */ = {
			isa = PBXNativeTarget;
			buildConfigurationList = F816B8481C5D6CD800339DB7 /* Build configuration list for PBXNativeTarget "VirtualTourist" */;
			buildPhases = (
				F816B8241C5D6CD700339DB7 /* Sources */,
				F816B8251C5D6CD700339DB7 /* Frameworks */,
				F816B8261C5D6CD700339DB7 /* Resources */,
			);
			buildRules = (
			);
			dependencies = (
			);
			name = VirtualTourist;
			productName = VirtualTourist;
			productReference = F816B8281C5D6CD700339DB7 /* VirtualTourist.app */;
			productType = "com.apple.product-type.application";
		};
		F816B83E1C5D6CD800339DB7 /* VirtualTouristTests */ = {
			isa = PBXNativeTarget;
			buildConfigurationList = F816B84B1C5D6CD800339DB7 /* Build configuration list for PBXNativeTarget "VirtualTouristTests" */;
			buildPhases = (
				F816B83B1C5D6CD800339DB7 /* Sources */,
				F816B83C1C5D6CD800339DB7 /* Frameworks */,
				F816B83D1C5D6CD800339DB7 /* Resources */,
			);
			buildRules = (
			);
			dependencies = (
				F816B8411C5D6CD800339DB7 /* PBXTargetDependency */,
			);
			name = VirtualTouristTests;
			productName = VirtualTouristTests;
			productReference = F816B83F1C5D6CD800339DB7 /* VirtualTouristTests.xctest */;
			productType = "com.apple.product-type.bundle.unit-test";
		};
/* End PBXNativeTarget section */

/* Begin PBXProject section */
		F816B8201C5D6CD700339DB7 /* Project object */ = {
			isa = PBXProject;
			attributes = {
				LastSwiftUpdateCheck = 0720;
				LastUpgradeCheck = 0720;
				ORGANIZATIONNAME = "Luis Antonio Rodriguez";
				TargetAttributes = {
					F816B8271C5D6CD700339DB7 = {
						CreatedOnToolsVersion = 7.2;
					};
					F816B83E1C5D6CD800339DB7 = {
						CreatedOnToolsVersion = 7.2;
						TestTargetID = F816B8271C5D6CD700339DB7;
					};
				};
			};
			buildConfigurationList = F816B8231C5D6CD700339DB7 /* Build configuration list for PBXProject "VirtualTourist" */;
			compatibilityVersion = "Xcode 3.2";
			developmentRegion = English;
			hasScannedForEncodings = 0;
			knownRegions = (
				en,
				Base,
			);
			mainGroup = F816B81F1C5D6CD700339DB7;
			productRefGroup = F816B8291C5D6CD700339DB7 /* Products */;
			projectDirPath = "";
			projectRoot = "";
			targets = (
				F816B8271C5D6CD700339DB7 /* VirtualTourist */,
				F816B83E1C5D6CD800339DB7 /* VirtualTouristTests */,
			);
		};
/* End PBXProject section */

/* Begin PBXResourcesBuildPhase section */
		F816B8261C5D6CD700339DB7 /* Resources */ = {
			isa = PBXResourcesBuildPhase;
			buildActionMask = 2147483647;
			files = (
				F816B8391C5D6CD800339DB7 /* LaunchScreen.storyboard in Resources */,
				F816B8361C5D6CD700339DB7 /* Assets.xcassets in Resources */,
				F816B8311C5D6CD700339DB7 /* Main.storyboard in Resources */,
			);
			runOnlyForDeploymentPostprocessing = 0;
		};
		F816B83D1C5D6CD800339DB7 /* Resources */ = {
			isa = PBXResourcesBuildPhase;
			buildActionMask = 2147483647;
			files = (
			);
			runOnlyForDeploymentPostprocessing = 0;
		};
/* End PBXResourcesBuildPhase section */

/* Begin PBXSourcesBuildPhase section */
		F816B8241C5D6CD700339DB7 /* Sources */ = {
			isa = PBXSourcesBuildPhase;
			buildActionMask = 2147483647;
			files = (
				F89B79301C602803004BD46A /* ImageCache.swift in Sources */,
				F816B85A1C5EF1F100339DB7 /* Photo.swift in Sources */,
				F89B79321C604E80004BD46A /* CoreDataStackManager.swift in Sources */,
				F816B85E1C5FF55700339DB7 /* PhotoAlbumViewCell.swift in Sources */,
				F816B85C1C5FEEA600339DB7 /* PhotoAlbumViewController.swift in Sources */,
				F816B82E1C5D6CD700339DB7 /* ViewController.swift in Sources */,
				F816B8581C5EF1E400339DB7 /* Pin.swift in Sources */,
				F816B82C1C5D6CD700339DB7 /* AppDelegate.swift in Sources */,
				F816B8341C5D6CD700339DB7 /* VirtualTourist.xcdatamodeld in Sources */,
				F89B792E1C60217F004BD46A /* WebServiceHelpers.swift in Sources */,
				F89B792C1C602170004BD46A /* FlickrClient.swift in Sources */,
				F89B79351C605FBA004BD46A /* Model.xcdatamodeld in Sources */,
			);
			runOnlyForDeploymentPostprocessing = 0;
		};
		F816B83B1C5D6CD800339DB7 /* Sources */ = {
			isa = PBXSourcesBuildPhase;
			buildActionMask = 2147483647;
			files = (
				F816B8441C5D6CD800339DB7 /* VirtualTouristTests.swift in Sources */,
			);
			runOnlyForDeploymentPostprocessing = 0;
		};
/* End PBXSourcesBuildPhase section */

/* Begin PBXTargetDependency section */
		F816B8411C5D6CD800339DB7 /* PBXTargetDependency */ = {
			isa = PBXTargetDependency;
			target = F816B8271C5D6CD700339DB7 /* VirtualTourist */;
			targetProxy = F816B8401C5D6CD800339DB7 /* PBXContainerItemProxy */;
		};
/* End PBXTargetDependency section */

/* Begin PBXVariantGroup section */
		F816B82F1C5D6CD700339DB7 /* Main.storyboard */ = {
			isa = PBXVariantGroup;
			children = (
				F816B8301C5D6CD700339DB7 /* Base */,
			);
			name = Main.storyboard;
			sourceTree = "<group>";
		};
		F816B8371C5D6CD700339DB7 /* LaunchScreen.storyboard */ = {
			isa = PBXVariantGroup;
			children = (
				F816B8381C5D6CD800339DB7 /* Base */,
			);
			name = LaunchScreen.storyboard;
			sourceTree = "<group>";
		};
/* End PBXVariantGroup section */

/* Begin XCBuildConfiguration section */
		F816B8461C5D6CD800339DB7 /* Debug */ = {
			isa = XCBuildConfiguration;
			buildSettings = {
				ALWAYS_SEARCH_USER_PATHS = NO;
				CLANG_CXX_LANGUAGE_STANDARD = "gnu++0x";
				CLANG_CXX_LIBRARY = "libc++";
				CLANG_ENABLE_MODULES = YES;
				CLANG_ENABLE_OBJC_ARC = YES;
				CLANG_WARN_BOOL_CONVERSION = YES;
				CLANG_WARN_CONSTANT_CONVERSION = YES;
				CLANG_WARN_DIRECT_OBJC_ISA_USAGE = YES_ERROR;
				CLANG_WARN_EMPTY_BODY = YES;
				CLANG_WARN_ENUM_CONVERSION = YES;
				CLANG_WARN_INT_CONVERSION = YES;
				CLANG_WARN_OBJC_ROOT_CLASS = YES_ERROR;
				CLANG_WARN_UNREACHABLE_CODE = YES;
				CLANG_WARN__DUPLICATE_METHOD_MATCH = YES;
				"CODE_SIGN_IDENTITY[sdk=iphoneos*]" = "iPhone Developer";
				COPY_PHASE_STRIP = NO;
				DEBUG_INFORMATION_FORMAT = dwarf;
				ENABLE_STRICT_OBJC_MSGSEND = YES;
				ENABLE_TESTABILITY = YES;
				GCC_C_LANGUAGE_STANDARD = gnu99;
				GCC_DYNAMIC_NO_PIC = NO;
				GCC_NO_COMMON_BLOCKS = YES;
				GCC_OPTIMIZATION_LEVEL = 0;
				GCC_PREPROCESSOR_DEFINITIONS = (
					"DEBUG=1",
					"$(inherited)",
				);
				GCC_WARN_64_TO_32_BIT_CONVERSION = YES;
				GCC_WARN_ABOUT_RETURN_TYPE = YES_ERROR;
				GCC_WARN_UNDECLARED_SELECTOR = YES;
				GCC_WARN_UNINITIALIZED_AUTOS = YES_AGGRESSIVE;
				GCC_WARN_UNUSED_FUNCTION = YES;
				GCC_WARN_UNUSED_VARIABLE = YES;
				IPHONEOS_DEPLOYMENT_TARGET = 9.2;
				MTL_ENABLE_DEBUG_INFO = YES;
				ONLY_ACTIVE_ARCH = YES;
				SDKROOT = iphoneos;
				SWIFT_OPTIMIZATION_LEVEL = "-Onone";
			};
			name = Debug;
		};
		F816B8471C5D6CD800339DB7 /* Release */ = {
			isa = XCBuildConfiguration;
			buildSettings = {
				ALWAYS_SEARCH_USER_PATHS = NO;
				CLANG_CXX_LANGUAGE_STANDARD = "gnu++0x";
				CLANG_CXX_LIBRARY = "libc++";
				CLANG_ENABLE_MODULES = YES;
				CLANG_ENABLE_OBJC_ARC = YES;
				CLANG_WARN_BOOL_CONVERSION = YES;
				CLANG_WARN_CONSTANT_CONVERSION = YES;
				CLANG_WARN_DIRECT_OBJC_ISA_USAGE = YES_ERROR;
				CLANG_WARN_EMPTY_BODY = YES;
				CLANG_WARN_ENUM_CONVERSION = YES;
				CLANG_WARN_INT_CONVERSION = YES;
				CLANG_WARN_OBJC_ROOT_CLASS = YES_ERROR;
				CLANG_WARN_UNREACHABLE_CODE = YES;
				CLANG_WARN__DUPLICATE_METHOD_MATCH = YES;
				"CODE_SIGN_IDENTITY[sdk=iphoneos*]" = "iPhone Developer";
				COPY_PHASE_STRIP = NO;
				DEBUG_INFORMATION_FORMAT = "dwarf-with-dsym";
				ENABLE_NS_ASSERTIONS = NO;
				ENABLE_STRICT_OBJC_MSGSEND = YES;
				GCC_C_LANGUAGE_STANDARD = gnu99;
				GCC_NO_COMMON_BLOCKS = YES;
				GCC_WARN_64_TO_32_BIT_CONVERSION = YES;
				GCC_WARN_ABOUT_RETURN_TYPE = YES_ERROR;
				GCC_WARN_UNDECLARED_SELECTOR = YES;
				GCC_WARN_UNINITIALIZED_AUTOS = YES_AGGRESSIVE;
				GCC_WARN_UNUSED_FUNCTION = YES;
				GCC_WARN_UNUSED_VARIABLE = YES;
				IPHONEOS_DEPLOYMENT_TARGET = 9.2;
				MTL_ENABLE_DEBUG_INFO = NO;
				SDKROOT = iphoneos;
				VALIDATE_PRODUCT = YES;
			};
			name = Release;
		};
		F816B8491C5D6CD800339DB7 /* Debug */ = {
			isa = XCBuildConfiguration;
			buildSettings = {
				ASSETCATALOG_COMPILER_APPICON_NAME = AppIcon;
				INFOPLIST_FILE = VirtualTourist/Info.plist;
				LD_RUNPATH_SEARCH_PATHS = "$(inherited) @executable_path/Frameworks";
				PRODUCT_BUNDLE_IDENTIFIER = com.lavacahacemu.VirtualTourist;
				PRODUCT_NAME = "$(TARGET_NAME)";
				SDKROOT = iphoneos;
			};
			name = Debug;
		};
		F816B84A1C5D6CD800339DB7 /* Release */ = {
			isa = XCBuildConfiguration;
			buildSettings = {
				ASSETCATALOG_COMPILER_APPICON_NAME = AppIcon;
				INFOPLIST_FILE = VirtualTourist/Info.plist;
				LD_RUNPATH_SEARCH_PATHS = "$(inherited) @executable_path/Frameworks";
				PRODUCT_BUNDLE_IDENTIFIER = com.lavacahacemu.VirtualTourist;
				PRODUCT_NAME = "$(TARGET_NAME)";
				SDKROOT = iphoneos;
			};
			name = Release;
		};
		F816B84C1C5D6CD800339DB7 /* Debug */ = {
			isa = XCBuildConfiguration;
			buildSettings = {
				BUNDLE_LOADER = "$(TEST_HOST)";
				INFOPLIST_FILE = VirtualTouristTests/Info.plist;
				LD_RUNPATH_SEARCH_PATHS = "$(inherited) @executable_path/Frameworks @loader_path/Frameworks";
				PRODUCT_BUNDLE_IDENTIFIER = com.lavacahacemu.VirtualTouristTests;
				PRODUCT_NAME = "$(TARGET_NAME)";
				TEST_HOST = "$(BUILT_PRODUCTS_DIR)/VirtualTourist.app/VirtualTourist";
			};
			name = Debug;
		};
		F816B84D1C5D6CD800339DB7 /* Release */ = {
			isa = XCBuildConfiguration;
			buildSettings = {
				BUNDLE_LOADER = "$(TEST_HOST)";
				INFOPLIST_FILE = VirtualTouristTests/Info.plist;
				LD_RUNPATH_SEARCH_PATHS = "$(inherited) @executable_path/Frameworks @loader_path/Frameworks";
				PRODUCT_BUNDLE_IDENTIFIER = com.lavacahacemu.VirtualTouristTests;
				PRODUCT_NAME = "$(TARGET_NAME)";
				TEST_HOST = "$(BUILT_PRODUCTS_DIR)/VirtualTourist.app/VirtualTourist";
			};
			name = Release;
		};
/* End XCBuildConfiguration section */

/* Begin XCConfigurationList section */
		F816B8231C5D6CD700339DB7 /* Build configuration list for PBXProject "VirtualTourist" */ = {
			isa = XCConfigurationList;
			buildConfigurations = (
				F816B8461C5D6CD800339DB7 /* Debug */,
				F816B8471C5D6CD800339DB7 /* Release */,
			);
			defaultConfigurationIsVisible = 0;
			defaultConfigurationName = Release;
		};
		F816B8481C5D6CD800339DB7 /* Build configuration list for PBXNativeTarget "VirtualTourist" */ = {
			isa = XCConfigurationList;
			buildConfigurations = (
				F816B8491C5D6CD800339DB7 /* Debug */,
				F816B84A1C5D6CD800339DB7 /* Release */,
			);
			defaultConfigurationIsVisible = 0;
			defaultConfigurationName = Release;
		};
		F816B84B1C5D6CD800339DB7 /* Build configuration list for PBXNativeTarget "VirtualTouristTests" */ = {
			isa = XCConfigurationList;
			buildConfigurations = (
				F816B84C1C5D6CD800339DB7 /* Debug */,
				F816B84D1C5D6CD800339DB7 /* Release */,
			);
			defaultConfigurationIsVisible = 0;
			defaultConfigurationName = Release;
		};
/* End XCConfigurationList section */

/* Begin XCVersionGroup section */
		F816B8321C5D6CD700339DB7 /* VirtualTourist.xcdatamodeld */ = {
			isa = XCVersionGroup;
			children = (
				F816B8331C5D6CD700339DB7 /* VirtualTourist.xcdatamodel */,
			);
			currentVersion = F816B8331C5D6CD700339DB7 /* VirtualTourist.xcdatamodel */;
			path = VirtualTourist.xcdatamodeld;
			sourceTree = "<group>";
			versionGroupType = wrapper.xcdatamodel;
		};
		F89B79331C605FBA004BD46A /* Model.xcdatamodeld */ = {
			isa = XCVersionGroup;
			children = (
				F89B79341C605FBA004BD46A /* Model.xcdatamodel */,
			);
			currentVersion = F89B79341C605FBA004BD46A /* Model.xcdatamodel */;
			path = Model.xcdatamodeld;
			sourceTree = "<group>";
			versionGroupType = wrapper.xcdatamodel;
		};
/* End XCVersionGroup section */
	};
	rootObject = F816B8201C5D6CD700339DB7 /* Project object */;
}
