// !$*UTF8*$!
{
	archiveVersion = 1;
	classes = {
	};
	objectVersion = 46;
	objects = {

/* Begin PBXBuildFile section */
		F848E4181C75713400404079 /* AppDelegate.swift in Sources */ = {isa = PBXBuildFile; fileRef = F848E4171C75713400404079 /* AppDelegate.swift */; };
		F848E41A1C75713400404079 /* RandomizerViewController.swift in Sources */ = {isa = PBXBuildFile; fileRef = F848E4191C75713400404079 /* RandomizerViewController.swift */; };
		F848E41D1C75713400404079 /* Main.storyboard in Resources */ = {isa = PBXBuildFile; fileRef = F848E41B1C75713400404079 /* Main.storyboard */; };
		F848E41F1C75713400404079 /* Assets.xcassets in Resources */ = {isa = PBXBuildFile; fileRef = F848E41E1C75713400404079 /* Assets.xcassets */; };
		F848E4221C75713400404079 /* LaunchScreen.storyboard in Resources */ = {isa = PBXBuildFile; fileRef = F848E4201C75713400404079 /* LaunchScreen.storyboard */; };
		F848E42D1C75713400404079 /* RecipeRandomizerTests.swift in Sources */ = {isa = PBXBuildFile; fileRef = F848E42C1C75713400404079 /* RecipeRandomizerTests.swift */; };
		F848E4381C75713400404079 /* RecipeRandomizerUITests.swift in Sources */ = {isa = PBXBuildFile; fileRef = F848E4371C75713400404079 /* RecipeRandomizerUITests.swift */; };
		F848E4491C77933D00404079 /* DefaultSearchTerms.swift in Sources */ = {isa = PBXBuildFile; fileRef = F848E4481C77933D00404079 /* DefaultSearchTerms.swift */; };
		F848E44E1C77938900404079 /* WebServiceHelpers.swift in Sources */ = {isa = PBXBuildFile; fileRef = F848E44D1C77938900404079 /* WebServiceHelpers.swift */; };
		F848E4501C77942B00404079 /* Food2ForkClient.swift in Sources */ = {isa = PBXBuildFile; fileRef = F848E44F1C77942B00404079 /* Food2ForkClient.swift */; };
		F89B07641C77E8B20096AE8B /* RecipeSearchResultsController.swift in Sources */ = {isa = PBXBuildFile; fileRef = F89B07631C77E8B20096AE8B /* RecipeSearchResultsController.swift */; };
		F89B07671C77E99C0096AE8B /* Model.xcdatamodeld in Sources */ = {isa = PBXBuildFile; fileRef = F89B07651C77E99C0096AE8B /* Model.xcdatamodeld */; };
		F89B07691C77F0D00096AE8B /* Recipe.swift in Sources */ = {isa = PBXBuildFile; fileRef = F89B07681C77F0D00096AE8B /* Recipe.swift */; };
		F89B076B1C77F27D0096AE8B /* RecipeKeys.swift in Sources */ = {isa = PBXBuildFile; fileRef = F89B076A1C77F27D0096AE8B /* RecipeKeys.swift */; };
		F89B076D1C77F62F0096AE8B /* RecipeResultsCell.swift in Sources */ = {isa = PBXBuildFile; fileRef = F89B076C1C77F62F0096AE8B /* RecipeResultsCell.swift */; };
		F89B076F1C7866CC0096AE8B /* ImageCache.swift in Sources */ = {isa = PBXBuildFile; fileRef = F89B076E1C7866CC0096AE8B /* ImageCache.swift */; };
		F89B07711C78F8400096AE8B /* RecipeViewController.swift in Sources */ = {isa = PBXBuildFile; fileRef = F89B07701C78F8400096AE8B /* RecipeViewController.swift */; };
		F89B07731C797D360096AE8B /* PersistedIngredient.swift in Sources */ = {isa = PBXBuildFile; fileRef = F89B07721C797D360096AE8B /* PersistedIngredient.swift */; };
		F89B07771C7988CC0096AE8B /* FullRecipeViewController.swift in Sources */ = {isa = PBXBuildFile; fileRef = F89B07761C7988CC0096AE8B /* FullRecipeViewController.swift */; };
		F89B07791C79B01D0096AE8B /* FavoriteRecipesViewController.swift in Sources */ = {isa = PBXBuildFile; fileRef = F89B07781C79B01D0096AE8B /* FavoriteRecipesViewController.swift */; };
		F8A17EEE1C77AE6A001C9041 /* PersistedRecipe.swift in Sources */ = {isa = PBXBuildFile; fileRef = F8A17EED1C77AE6A001C9041 /* PersistedRecipe.swift */; };
		F8A17EF01C77AEE4001C9041 /* CoreDataStackManager.swift in Sources */ = {isa = PBXBuildFile; fileRef = F8A17EEF1C77AEE4001C9041 /* CoreDataStackManager.swift */; };
/* End PBXBuildFile section */

/* Begin PBXContainerItemProxy section */
		F848E4291C75713400404079 /* PBXContainerItemProxy */ = {
			isa = PBXContainerItemProxy;
			containerPortal = F848E40C1C75713400404079 /* Project object */;
			proxyType = 1;
			remoteGlobalIDString = F848E4131C75713400404079;
			remoteInfo = RecipeRandomizer;
		};
		F848E4341C75713400404079 /* PBXContainerItemProxy */ = {
			isa = PBXContainerItemProxy;
			containerPortal = F848E40C1C75713400404079 /* Project object */;
			proxyType = 1;
			remoteGlobalIDString = F848E4131C75713400404079;
			remoteInfo = RecipeRandomizer;
		};
/* End PBXContainerItemProxy section */

/* Begin PBXFileReference section */
		F848E4141C75713400404079 /* RecipeRandomizer.app */ = {isa = PBXFileReference; explicitFileType = wrapper.application; includeInIndex = 0; path = RecipeRandomizer.app; sourceTree = BUILT_PRODUCTS_DIR; };
		F848E4171C75713400404079 /* AppDelegate.swift */ = {isa = PBXFileReference; lastKnownFileType = sourcecode.swift; path = AppDelegate.swift; sourceTree = "<group>"; };
		F848E4191C75713400404079 /* RandomizerViewController.swift */ = {isa = PBXFileReference; lastKnownFileType = sourcecode.swift; path = RandomizerViewController.swift; sourceTree = "<group>"; };
		F848E41C1C75713400404079 /* Base */ = {isa = PBXFileReference; lastKnownFileType = file.storyboard; name = Base; path = Base.lproj/Main.storyboard; sourceTree = "<group>"; };
		F848E41E1C75713400404079 /* Assets.xcassets */ = {isa = PBXFileReference; lastKnownFileType = folder.assetcatalog; path = Assets.xcassets; sourceTree = "<group>"; };
		F848E4211C75713400404079 /* Base */ = {isa = PBXFileReference; lastKnownFileType = file.storyboard; name = Base; path = Base.lproj/LaunchScreen.storyboard; sourceTree = "<group>"; };
		F848E4231C75713400404079 /* Info.plist */ = {isa = PBXFileReference; lastKnownFileType = text.plist.xml; path = Info.plist; sourceTree = "<group>"; };
		F848E4281C75713400404079 /* RecipeRandomizerTests.xctest */ = {isa = PBXFileReference; explicitFileType = wrapper.cfbundle; includeInIndex = 0; path = RecipeRandomizerTests.xctest; sourceTree = BUILT_PRODUCTS_DIR; };
		F848E42C1C75713400404079 /* RecipeRandomizerTests.swift */ = {isa = PBXFileReference; lastKnownFileType = sourcecode.swift; path = RecipeRandomizerTests.swift; sourceTree = "<group>"; };
		F848E42E1C75713400404079 /* Info.plist */ = {isa = PBXFileReference; lastKnownFileType = text.plist.xml; path = Info.plist; sourceTree = "<group>"; };
		F848E4331C75713400404079 /* RecipeRandomizerUITests.xctest */ = {isa = PBXFileReference; explicitFileType = wrapper.cfbundle; includeInIndex = 0; path = RecipeRandomizerUITests.xctest; sourceTree = BUILT_PRODUCTS_DIR; };
		F848E4371C75713400404079 /* RecipeRandomizerUITests.swift */ = {isa = PBXFileReference; lastKnownFileType = sourcecode.swift; path = RecipeRandomizerUITests.swift; sourceTree = "<group>"; };
		F848E4391C75713400404079 /* Info.plist */ = {isa = PBXFileReference; lastKnownFileType = text.plist.xml; path = Info.plist; sourceTree = "<group>"; };
		F848E4481C77933D00404079 /* DefaultSearchTerms.swift */ = {isa = PBXFileReference; fileEncoding = 4; lastKnownFileType = sourcecode.swift; name = DefaultSearchTerms.swift; path = Model/DefaultSearchTerms.swift; sourceTree = "<group>"; };
		F848E44D1C77938900404079 /* WebServiceHelpers.swift */ = {isa = PBXFileReference; fileEncoding = 4; lastKnownFileType = sourcecode.swift; path = WebServiceHelpers.swift; sourceTree = "<group>"; };
		F848E44F1C77942B00404079 /* Food2ForkClient.swift */ = {isa = PBXFileReference; fileEncoding = 4; lastKnownFileType = sourcecode.swift; name = Food2ForkClient.swift; path = Model/Food2ForkClient.swift; sourceTree = "<group>"; };
		F89B07631C77E8B20096AE8B /* RecipeSearchResultsController.swift */ = {isa = PBXFileReference; fileEncoding = 4; lastKnownFileType = sourcecode.swift; path = RecipeSearchResultsController.swift; sourceTree = "<group>"; };
		F89B07661C77E99C0096AE8B /* Model.xcdatamodel */ = {isa = PBXFileReference; lastKnownFileType = wrapper.xcdatamodel; path = Model.xcdatamodel; sourceTree = "<group>"; };
		F89B07681C77F0D00096AE8B /* Recipe.swift */ = {isa = PBXFileReference; fileEncoding = 4; lastKnownFileType = sourcecode.swift; name = Recipe.swift; path = Model/Recipe.swift; sourceTree = "<group>"; };
		F89B076A1C77F27D0096AE8B /* RecipeKeys.swift */ = {isa = PBXFileReference; fileEncoding = 4; lastKnownFileType = sourcecode.swift; name = RecipeKeys.swift; path = Model/RecipeKeys.swift; sourceTree = "<group>"; };
		F89B076C1C77F62F0096AE8B /* RecipeResultsCell.swift */ = {isa = PBXFileReference; fileEncoding = 4; lastKnownFileType = sourcecode.swift; path = RecipeResultsCell.swift; sourceTree = "<group>"; };
		F89B076E1C7866CC0096AE8B /* ImageCache.swift */ = {isa = PBXFileReference; fileEncoding = 4; lastKnownFileType = sourcecode.swift; path = ImageCache.swift; sourceTree = "<group>"; };
		F89B07701C78F8400096AE8B /* RecipeViewController.swift */ = {isa = PBXFileReference; fileEncoding = 4; lastKnownFileType = sourcecode.swift; path = RecipeViewController.swift; sourceTree = "<group>"; };
		F89B07721C797D360096AE8B /* PersistedIngredient.swift */ = {isa = PBXFileReference; fileEncoding = 4; lastKnownFileType = sourcecode.swift; path = PersistedIngredient.swift; sourceTree = "<group>"; };
		F89B07761C7988CC0096AE8B /* FullRecipeViewController.swift */ = {isa = PBXFileReference; fileEncoding = 4; lastKnownFileType = sourcecode.swift; path = FullRecipeViewController.swift; sourceTree = "<group>"; };
		F89B07781C79B01D0096AE8B /* FavoriteRecipesViewController.swift */ = {isa = PBXFileReference; fileEncoding = 4; lastKnownFileType = sourcecode.swift; path = FavoriteRecipesViewController.swift; sourceTree = "<group>"; };
		F8A17EED1C77AE6A001C9041 /* PersistedRecipe.swift */ = {isa = PBXFileReference; fileEncoding = 4; lastKnownFileType = sourcecode.swift; name = PersistedRecipe.swift; path = Model/PersistedRecipe.swift; sourceTree = "<group>"; };
		F8A17EEF1C77AEE4001C9041 /* CoreDataStackManager.swift */ = {isa = PBXFileReference; fileEncoding = 4; lastKnownFileType = sourcecode.swift; name = CoreDataStackManager.swift; path = Model/CoreDataStackManager.swift; sourceTree = "<group>"; };
/* End PBXFileReference section */

/* Begin PBXFrameworksBuildPhase section */
		F848E4111C75713400404079 /* Frameworks */ = {
			isa = PBXFrameworksBuildPhase;
			buildActionMask = 2147483647;
			files = (
			);
			runOnlyForDeploymentPostprocessing = 0;
		};
		F848E4251C75713400404079 /* Frameworks */ = {
			isa = PBXFrameworksBuildPhase;
			buildActionMask = 2147483647;
			files = (
			);
			runOnlyForDeploymentPostprocessing = 0;
		};
		F848E4301C75713400404079 /* Frameworks */ = {
			isa = PBXFrameworksBuildPhase;
			buildActionMask = 2147483647;
			files = (
			);
			runOnlyForDeploymentPostprocessing = 0;
		};
/* End PBXFrameworksBuildPhase section */

/* Begin PBXGroup section */
		F848E40B1C75713400404079 = {
			isa = PBXGroup;
			children = (
				F848E4161C75713400404079 /* RecipeRandomizer */,
				F848E42B1C75713400404079 /* RecipeRandomizerTests */,
				F848E4361C75713400404079 /* RecipeRandomizerUITests */,
				F848E4151C75713400404079 /* Products */,
			);
			sourceTree = "<group>";
		};
		F848E4151C75713400404079 /* Products */ = {
			isa = PBXGroup;
			children = (
				F848E4141C75713400404079 /* RecipeRandomizer.app */,
				F848E4281C75713400404079 /* RecipeRandomizerTests.xctest */,
				F848E4331C75713400404079 /* RecipeRandomizerUITests.xctest */,
			);
			name = Products;
			sourceTree = "<group>";
		};
		F848E4161C75713400404079 /* RecipeRandomizer */ = {
			isa = PBXGroup;
			children = (
				F848E44C1C77938900404079 /* Helpers */,
				F848E4451C77894500404079 /* Model */,
				F848E4171C75713400404079 /* AppDelegate.swift */,
				F848E41B1C75713400404079 /* Main.storyboard */,
				F848E41E1C75713400404079 /* Assets.xcassets */,
				F848E4201C75713400404079 /* LaunchScreen.storyboard */,
				F848E4231C75713400404079 /* Info.plist */,
				F848E4191C75713400404079 /* RandomizerViewController.swift */,
				F89B07631C77E8B20096AE8B /* RecipeSearchResultsController.swift */,
				F89B076C1C77F62F0096AE8B /* RecipeResultsCell.swift */,
				F89B07701C78F8400096AE8B /* RecipeViewController.swift */,
				F89B07761C7988CC0096AE8B /* FullRecipeViewController.swift */,
				F89B07781C79B01D0096AE8B /* FavoriteRecipesViewController.swift */,
			);
			path = RecipeRandomizer;
			sourceTree = "<group>";
		};
		F848E42B1C75713400404079 /* RecipeRandomizerTests */ = {
			isa = PBXGroup;
			children = (
				F848E42C1C75713400404079 /* RecipeRandomizerTests.swift */,
				F848E42E1C75713400404079 /* Info.plist */,
			);
			path = RecipeRandomizerTests;
			sourceTree = "<group>";
		};
		F848E4361C75713400404079 /* RecipeRandomizerUITests */ = {
			isa = PBXGroup;
			children = (
				F848E4371C75713400404079 /* RecipeRandomizerUITests.swift */,
				F848E4391C75713400404079 /* Info.plist */,
			);
			path = RecipeRandomizerUITests;
			sourceTree = "<group>";
		};
		F848E4451C77894500404079 /* Model */ = {
			isa = PBXGroup;
			children = (
				F8A17EEF1C77AEE4001C9041 /* CoreDataStackManager.swift */,
				F8A17EED1C77AE6A001C9041 /* PersistedRecipe.swift */,
				F848E44F1C77942B00404079 /* Food2ForkClient.swift */,
				F848E4481C77933D00404079 /* DefaultSearchTerms.swift */,
				F89B07651C77E99C0096AE8B /* Model.xcdatamodeld */,
				F89B07681C77F0D00096AE8B /* Recipe.swift */,
				F89B076A1C77F27D0096AE8B /* RecipeKeys.swift */,
				F89B07721C797D360096AE8B /* PersistedIngredient.swift */,
			);
			name = Model;
			sourceTree = "<group>";
		};
		F848E44C1C77938900404079 /* Helpers */ = {
			isa = PBXGroup;
			children = (
				F89B076E1C7866CC0096AE8B /* ImageCache.swift */,
				F848E44D1C77938900404079 /* WebServiceHelpers.swift */,
			);
			path = Helpers;
			sourceTree = "<group>";
		};
/* End PBXGroup section */

/* Begin PBXNativeTarget section */
		F848E4131C75713400404079 /* RecipeRandomizer */ = {
			isa = PBXNativeTarget;
			buildConfigurationList = F848E43C1C75713400404079 /* Build configuration list for PBXNativeTarget "RecipeRandomizer" */;
			buildPhases = (
				F848E4101C75713400404079 /* Sources */,
				F848E4111C75713400404079 /* Frameworks */,
				F848E4121C75713400404079 /* Resources */,
			);
			buildRules = (
			);
			dependencies = (
			);
			name = RecipeRandomizer;
			productName = RecipeRandomizer;
			productReference = F848E4141C75713400404079 /* RecipeRandomizer.app */;
			productType = "com.apple.product-type.application";
		};
		F848E4271C75713400404079 /* RecipeRandomizerTests */ = {
			isa = PBXNativeTarget;
			buildConfigurationList = F848E43F1C75713400404079 /* Build configuration list for PBXNativeTarget "RecipeRandomizerTests" */;
			buildPhases = (
				F848E4241C75713400404079 /* Sources */,
				F848E4251C75713400404079 /* Frameworks */,
				F848E4261C75713400404079 /* Resources */,
			);
			buildRules = (
			);
			dependencies = (
				F848E42A1C75713400404079 /* PBXTargetDependency */,
			);
			name = RecipeRandomizerTests;
			productName = RecipeRandomizerTests;
			productReference = F848E4281C75713400404079 /* RecipeRandomizerTests.xctest */;
			productType = "com.apple.product-type.bundle.unit-test";
		};
		F848E4321C75713400404079 /* RecipeRandomizerUITests */ = {
			isa = PBXNativeTarget;
			buildConfigurationList = F848E4421C75713400404079 /* Build configuration list for PBXNativeTarget "RecipeRandomizerUITests" */;
			buildPhases = (
				F848E42F1C75713400404079 /* Sources */,
				F848E4301C75713400404079 /* Frameworks */,
				F848E4311C75713400404079 /* Resources */,
			);
			buildRules = (
			);
			dependencies = (
				F848E4351C75713400404079 /* PBXTargetDependency */,
			);
			name = RecipeRandomizerUITests;
			productName = RecipeRandomizerUITests;
			productReference = F848E4331C75713400404079 /* RecipeRandomizerUITests.xctest */;
			productType = "com.apple.product-type.bundle.ui-testing";
		};
/* End PBXNativeTarget section */

/* Begin PBXProject section */
		F848E40C1C75713400404079 /* Project object */ = {
			isa = PBXProject;
			attributes = {
				LastSwiftUpdateCheck = 0720;
				LastUpgradeCheck = 0720;
				ORGANIZATIONNAME = "Luis Antonio Rodriguez";
				TargetAttributes = {
					F848E4131C75713400404079 = {
						CreatedOnToolsVersion = 7.2.1;
					};
					F848E4271C75713400404079 = {
						CreatedOnToolsVersion = 7.2.1;
						TestTargetID = F848E4131C75713400404079;
					};
					F848E4321C75713400404079 = {
						CreatedOnToolsVersion = 7.2.1;
						TestTargetID = F848E4131C75713400404079;
					};
				};
			};
			buildConfigurationList = F848E40F1C75713400404079 /* Build configuration list for PBXProject "RecipeRandomizer" */;
			compatibilityVersion = "Xcode 3.2";
			developmentRegion = English;
			hasScannedForEncodings = 0;
			knownRegions = (
				en,
				Base,
			);
			mainGroup = F848E40B1C75713400404079;
			productRefGroup = F848E4151C75713400404079 /* Products */;
			projectDirPath = "";
			projectRoot = "";
			targets = (
				F848E4131C75713400404079 /* RecipeRandomizer */,
				F848E4271C75713400404079 /* RecipeRandomizerTests */,
				F848E4321C75713400404079 /* RecipeRandomizerUITests */,
			);
		};
/* End PBXProject section */

/* Begin PBXResourcesBuildPhase section */
		F848E4121C75713400404079 /* Resources */ = {
			isa = PBXResourcesBuildPhase;
			buildActionMask = 2147483647;
			files = (
				F848E4221C75713400404079 /* LaunchScreen.storyboard in Resources */,
				F848E41F1C75713400404079 /* Assets.xcassets in Resources */,
				F848E41D1C75713400404079 /* Main.storyboard in Resources */,
			);
			runOnlyForDeploymentPostprocessing = 0;
		};
		F848E4261C75713400404079 /* Resources */ = {
			isa = PBXResourcesBuildPhase;
			buildActionMask = 2147483647;
			files = (
			);
			runOnlyForDeploymentPostprocessing = 0;
		};
		F848E4311C75713400404079 /* Resources */ = {
			isa = PBXResourcesBuildPhase;
			buildActionMask = 2147483647;
			files = (
			);
			runOnlyForDeploymentPostprocessing = 0;
		};
/* End PBXResourcesBuildPhase section */

/* Begin PBXSourcesBuildPhase section */
		F848E4101C75713400404079 /* Sources */ = {
			isa = PBXSourcesBuildPhase;
			buildActionMask = 2147483647;
			files = (
				F89B076D1C77F62F0096AE8B /* RecipeResultsCell.swift in Sources */,
				F89B076F1C7866CC0096AE8B /* ImageCache.swift in Sources */,
				F89B07711C78F8400096AE8B /* RecipeViewController.swift in Sources */,
				F89B07771C7988CC0096AE8B /* FullRecipeViewController.swift in Sources */,
				F848E4501C77942B00404079 /* Food2ForkClient.swift in Sources */,
				F848E44E1C77938900404079 /* WebServiceHelpers.swift in Sources */,
				F89B07731C797D360096AE8B /* PersistedIngredient.swift in Sources */,
				F89B07641C77E8B20096AE8B /* RecipeSearchResultsController.swift in Sources */,
				F89B076B1C77F27D0096AE8B /* RecipeKeys.swift in Sources */,
				F848E41A1C75713400404079 /* RandomizerViewController.swift in Sources */,
				F8A17EF01C77AEE4001C9041 /* CoreDataStackManager.swift in Sources */,
				F89B07791C79B01D0096AE8B /* FavoriteRecipesViewController.swift in Sources */,
				F89B07671C77E99C0096AE8B /* Model.xcdatamodeld in Sources */,
				F8A17EEE1C77AE6A001C9041 /* PersistedRecipe.swift in Sources */,
				F848E4491C77933D00404079 /* DefaultSearchTerms.swift in Sources */,
				F848E4181C75713400404079 /* AppDelegate.swift in Sources */,
				F89B07691C77F0D00096AE8B /* Recipe.swift in Sources */,
			);
			runOnlyForDeploymentPostprocessing = 0;
		};
		F848E4241C75713400404079 /* Sources */ = {
			isa = PBXSourcesBuildPhase;
			buildActionMask = 2147483647;
			files = (
				F848E42D1C75713400404079 /* RecipeRandomizerTests.swift in Sources */,
			);
			runOnlyForDeploymentPostprocessing = 0;
		};
		F848E42F1C75713400404079 /* Sources */ = {
			isa = PBXSourcesBuildPhase;
			buildActionMask = 2147483647;
			files = (
				F848E4381C75713400404079 /* RecipeRandomizerUITests.swift in Sources */,
			);
			runOnlyForDeploymentPostprocessing = 0;
		};
/* End PBXSourcesBuildPhase section */

/* Begin PBXTargetDependency section */
		F848E42A1C75713400404079 /* PBXTargetDependency */ = {
			isa = PBXTargetDependency;
			target = F848E4131C75713400404079 /* RecipeRandomizer */;
			targetProxy = F848E4291C75713400404079 /* PBXContainerItemProxy */;
		};
		F848E4351C75713400404079 /* PBXTargetDependency */ = {
			isa = PBXTargetDependency;
			target = F848E4131C75713400404079 /* RecipeRandomizer */;
			targetProxy = F848E4341C75713400404079 /* PBXContainerItemProxy */;
		};
/* End PBXTargetDependency section */

/* Begin PBXVariantGroup section */
		F848E41B1C75713400404079 /* Main.storyboard */ = {
			isa = PBXVariantGroup;
			children = (
				F848E41C1C75713400404079 /* Base */,
			);
			name = Main.storyboard;
			sourceTree = "<group>";
		};
		F848E4201C75713400404079 /* LaunchScreen.storyboard */ = {
			isa = PBXVariantGroup;
			children = (
				F848E4211C75713400404079 /* Base */,
			);
			name = LaunchScreen.storyboard;
			sourceTree = "<group>";
		};
/* End PBXVariantGroup section */

/* Begin XCBuildConfiguration section */
		F848E43A1C75713400404079 /* Debug */ = {
			isa = XCBuildConfiguration;
			buildSettings = {
				ALWAYS_SEARCH_USER_PATHS = NO;
				CLANG_CXX_LANGUAGE_STANDARD = "gnu++0x";
				CLANG_CXX_LIBRARY = "libc++";
				CLANG_ENABLE_MODULES = YES;
				CLANG_ENABLE_OBJC_ARC = YES;
				CLANG_WARN_BOOL_CONVERSION = YES;
				CLANG_WARN_CONSTANT_CONVERSION = YES;
				CLANG_WARN_DIRECT_OBJC_ISA_USAGE = YES_ERROR;
				CLANG_WARN_EMPTY_BODY = YES;
				CLANG_WARN_ENUM_CONVERSION = YES;
				CLANG_WARN_INT_CONVERSION = YES;
				CLANG_WARN_OBJC_ROOT_CLASS = YES_ERROR;
				CLANG_WARN_UNREACHABLE_CODE = YES;
				CLANG_WARN__DUPLICATE_METHOD_MATCH = YES;
				"CODE_SIGN_IDENTITY[sdk=iphoneos*]" = "iPhone Developer";
				COPY_PHASE_STRIP = NO;
				DEBUG_INFORMATION_FORMAT = dwarf;
				ENABLE_STRICT_OBJC_MSGSEND = YES;
				ENABLE_TESTABILITY = YES;
				GCC_C_LANGUAGE_STANDARD = gnu99;
				GCC_DYNAMIC_NO_PIC = NO;
				GCC_NO_COMMON_BLOCKS = YES;
				GCC_OPTIMIZATION_LEVEL = 0;
				GCC_PREPROCESSOR_DEFINITIONS = (
					"DEBUG=1",
					"$(inherited)",
				);
				GCC_WARN_64_TO_32_BIT_CONVERSION = YES;
				GCC_WARN_ABOUT_RETURN_TYPE = YES_ERROR;
				GCC_WARN_UNDECLARED_SELECTOR = YES;
				GCC_WARN_UNINITIALIZED_AUTOS = YES_AGGRESSIVE;
				GCC_WARN_UNUSED_FUNCTION = YES;
				GCC_WARN_UNUSED_VARIABLE = YES;
				IPHONEOS_DEPLOYMENT_TARGET = 9.2;
				MTL_ENABLE_DEBUG_INFO = YES;
				ONLY_ACTIVE_ARCH = YES;
				SDKROOT = iphoneos;
				SWIFT_OPTIMIZATION_LEVEL = "-Onone";
			};
			name = Debug;
		};
		F848E43B1C75713400404079 /* Release */ = {
			isa = XCBuildConfiguration;
			buildSettings = {
				ALWAYS_SEARCH_USER_PATHS = NO;
				CLANG_CXX_LANGUAGE_STANDARD = "gnu++0x";
				CLANG_CXX_LIBRARY = "libc++";
				CLANG_ENABLE_MODULES = YES;
				CLANG_ENABLE_OBJC_ARC = YES;
				CLANG_WARN_BOOL_CONVERSION = YES;
				CLANG_WARN_CONSTANT_CONVERSION = YES;
				CLANG_WARN_DIRECT_OBJC_ISA_USAGE = YES_ERROR;
				CLANG_WARN_EMPTY_BODY = YES;
				CLANG_WARN_ENUM_CONVERSION = YES;
				CLANG_WARN_INT_CONVERSION = YES;
				CLANG_WARN_OBJC_ROOT_CLASS = YES_ERROR;
				CLANG_WARN_UNREACHABLE_CODE = YES;
				CLANG_WARN__DUPLICATE_METHOD_MATCH = YES;
				"CODE_SIGN_IDENTITY[sdk=iphoneos*]" = "iPhone Developer";
				COPY_PHASE_STRIP = NO;
				DEBUG_INFORMATION_FORMAT = "dwarf-with-dsym";
				ENABLE_NS_ASSERTIONS = NO;
				ENABLE_STRICT_OBJC_MSGSEND = YES;
				GCC_C_LANGUAGE_STANDARD = gnu99;
				GCC_NO_COMMON_BLOCKS = YES;
				GCC_WARN_64_TO_32_BIT_CONVERSION = YES;
				GCC_WARN_ABOUT_RETURN_TYPE = YES_ERROR;
				GCC_WARN_UNDECLARED_SELECTOR = YES;
				GCC_WARN_UNINITIALIZED_AUTOS = YES_AGGRESSIVE;
				GCC_WARN_UNUSED_FUNCTION = YES;
				GCC_WARN_UNUSED_VARIABLE = YES;
				IPHONEOS_DEPLOYMENT_TARGET = 9.2;
				MTL_ENABLE_DEBUG_INFO = NO;
				SDKROOT = iphoneos;
				VALIDATE_PRODUCT = YES;
			};
			name = Release;
		};
		F848E43D1C75713400404079 /* Debug */ = {
			isa = XCBuildConfiguration;
			buildSettings = {
				ASSETCATALOG_COMPILER_APPICON_NAME = AppIcon;
				INFOPLIST_FILE = RecipeRandomizer/Info.plist;
				LD_RUNPATH_SEARCH_PATHS = "$(inherited) @executable_path/Frameworks";
				PRODUCT_BUNDLE_IDENTIFIER = com.lavacahacemu.RecipeRandomizer;
				PRODUCT_NAME = "$(TARGET_NAME)";
			};
			name = Debug;
		};
		F848E43E1C75713400404079 /* Release */ = {
			isa = XCBuildConfiguration;
			buildSettings = {
				ASSETCATALOG_COMPILER_APPICON_NAME = AppIcon;
				INFOPLIST_FILE = RecipeRandomizer/Info.plist;
				LD_RUNPATH_SEARCH_PATHS = "$(inherited) @executable_path/Frameworks";
				PRODUCT_BUNDLE_IDENTIFIER = com.lavacahacemu.RecipeRandomizer;
				PRODUCT_NAME = "$(TARGET_NAME)";
			};
			name = Release;
		};
		F848E4401C75713400404079 /* Debug */ = {
			isa = XCBuildConfiguration;
			buildSettings = {
				BUNDLE_LOADER = "$(TEST_HOST)";
				INFOPLIST_FILE = RecipeRandomizerTests/Info.plist;
				LD_RUNPATH_SEARCH_PATHS = "$(inherited) @executable_path/Frameworks @loader_path/Frameworks";
				PRODUCT_BUNDLE_IDENTIFIER = com.lavacahacemu.RecipeRandomizerTests;
				PRODUCT_NAME = "$(TARGET_NAME)";
				TEST_HOST = "$(BUILT_PRODUCTS_DIR)/RecipeRandomizer.app/RecipeRandomizer";
			};
			name = Debug;
		};
		F848E4411C75713400404079 /* Release */ = {
			isa = XCBuildConfiguration;
			buildSettings = {
				BUNDLE_LOADER = "$(TEST_HOST)";
				INFOPLIST_FILE = RecipeRandomizerTests/Info.plist;
				LD_RUNPATH_SEARCH_PATHS = "$(inherited) @executable_path/Frameworks @loader_path/Frameworks";
				PRODUCT_BUNDLE_IDENTIFIER = com.lavacahacemu.RecipeRandomizerTests;
				PRODUCT_NAME = "$(TARGET_NAME)";
				TEST_HOST = "$(BUILT_PRODUCTS_DIR)/RecipeRandomizer.app/RecipeRandomizer";
			};
			name = Release;
		};
		F848E4431C75713400404079 /* Debug */ = {
			isa = XCBuildConfiguration;
			buildSettings = {
				INFOPLIST_FILE = RecipeRandomizerUITests/Info.plist;
				LD_RUNPATH_SEARCH_PATHS = "$(inherited) @executable_path/Frameworks @loader_path/Frameworks";
				PRODUCT_BUNDLE_IDENTIFIER = com.lavacahacemu.RecipeRandomizerUITests;
				PRODUCT_NAME = "$(TARGET_NAME)";
				TEST_TARGET_NAME = RecipeRandomizer;
				USES_XCTRUNNER = YES;
			};
			name = Debug;
		};
		F848E4441C75713400404079 /* Release */ = {
			isa = XCBuildConfiguration;
			buildSettings = {
				INFOPLIST_FILE = RecipeRandomizerUITests/Info.plist;
				LD_RUNPATH_SEARCH_PATHS = "$(inherited) @executable_path/Frameworks @loader_path/Frameworks";
				PRODUCT_BUNDLE_IDENTIFIER = com.lavacahacemu.RecipeRandomizerUITests;
				PRODUCT_NAME = "$(TARGET_NAME)";
				TEST_TARGET_NAME = RecipeRandomizer;
				USES_XCTRUNNER = YES;
			};
			name = Release;
		};
/* End XCBuildConfiguration section */

/* Begin XCConfigurationList section */
		F848E40F1C75713400404079 /* Build configuration list for PBXProject "RecipeRandomizer" */ = {
			isa = XCConfigurationList;
			buildConfigurations = (
				F848E43A1C75713400404079 /* Debug */,
				F848E43B1C75713400404079 /* Release */,
			);
			defaultConfigurationIsVisible = 0;
			defaultConfigurationName = Release;
		};
		F848E43C1C75713400404079 /* Build configuration list for PBXNativeTarget "RecipeRandomizer" */ = {
			isa = XCConfigurationList;
			buildConfigurations = (
				F848E43D1C75713400404079 /* Debug */,
				F848E43E1C75713400404079 /* Release */,
			);
			defaultConfigurationIsVisible = 0;
			defaultConfigurationName = Release;
		};
		F848E43F1C75713400404079 /* Build configuration list for PBXNativeTarget "RecipeRandomizerTests" */ = {
			isa = XCConfigurationList;
			buildConfigurations = (
				F848E4401C75713400404079 /* Debug */,
				F848E4411C75713400404079 /* Release */,
			);
			defaultConfigurationIsVisible = 0;
			defaultConfigurationName = Release;
		};
		F848E4421C75713400404079 /* Build configuration list for PBXNativeTarget "RecipeRandomizerUITests" */ = {
			isa = XCConfigurationList;
			buildConfigurations = (
				F848E4431C75713400404079 /* Debug */,
				F848E4441C75713400404079 /* Release */,
			);
			defaultConfigurationIsVisible = 0;
			defaultConfigurationName = Release;
		};
/* End XCConfigurationList section */

/* Begin XCVersionGroup section */
		F89B07651C77E99C0096AE8B /* Model.xcdatamodeld */ = {
			isa = XCVersionGroup;
			children = (
				F89B07661C77E99C0096AE8B /* Model.xcdatamodel */,
			);
			currentVersion = F89B07661C77E99C0096AE8B /* Model.xcdatamodel */;
			path = Model.xcdatamodeld;
			sourceTree = "<group>";
			versionGroupType = wrapper.xcdatamodel;
		};
/* End XCVersionGroup section */
	};
	rootObject = F848E40C1C75713400404079 /* Project object */;
}
